
Microsoft Visual Studio Solution File, Format Version 12.00
# Visual Studio Version 16
VisualStudioVersion = 16.0.31129.286
MinimumVisualStudioVersion = 10.0.40219.1
Project("{9A19103F-16F7-4668-BE54-9A1E7A4F7556}") = "CleanArchMvc.Domain", "CleanArchMvc.Domain\CleanArchMvc.Domain.csproj", "{11B7614E-570F-478B-82AB-21C8DA266915}"
EndProject
Project("{9A19103F-16F7-4668-BE54-9A1E7A4F7556}") = "CleanArchMvc.Application", "CleanArchMvc.Application\CleanArchMvc.Application.csproj", "{3A97A490-AD91-4E0F-BA51-32D9D70EDC63}"
EndProject
Project("{9A19103F-16F7-4668-BE54-9A1E7A4F7556}") = "CleanArchMvc.Infra.Data", "CleanArchMvc.Infra.Data\CleanArchMvc.Infra.Data.csproj", "{E8140F6F-83B7-4AE7-ACC1-79C93EDBD49A}"
EndProject
Project("{9A19103F-16F7-4668-BE54-9A1E7A4F7556}") = "CleanArchMvc.Infra.IoC", "CleanArchMvc.Infra.IoC\CleanArchMvc.Infra.IoC.csproj", "{5B80504E-4912-43D0-BF04-C2E36BE5A340}"
EndProject
Project("{9A19103F-16F7-4668-BE54-9A1E7A4F7556}") = "CleanArchMvc.WebUI", "CleanArchMvc.WebUI\CleanArchMvc.WebUI.csproj", "{1EBCC387-8C41-4336-B55E-DE361E02E53B}"
EndProject
Project("{9A19103F-16F7-4668-BE54-9A1E7A4F7556}") = "CleanArchMvc.Domain.Tests", "CleanArchMvc.Domain.Tests\CleanArchMvc.Domain.Tests.csproj", "{26763E56-0C67-4018-8C1F-E01F852C9E21}"
EndProject
Global
	GlobalSection(SolutionConfigurationPlatforms) = preSolution
		Debug|Any CPU = Debug|Any CPU
		Release|Any CPU = Release|Any CPU
	EndGlobalSection
	GlobalSection(ProjectConfigurationPlatforms) = postSolution
		{11B7614E-570F-478B-82AB-21C8DA266915}.Debug|Any CPU.ActiveCfg = Debug|Any CPU
		{11B7614E-570F-478B-82AB-21C8DA266915}.Debug|Any CPU.Build.0 = Debug|Any CPU
		{11B7614E-570F-478B-82AB-21C8DA266915}.Release|Any CPU.ActiveCfg = Release|Any CPU
		{11B7614E-570F-478B-82AB-21C8DA266915}.Release|Any CPU.Build.0 = Release|Any CPU
		{3A97A490-AD91-4E0F-BA51-32D9D70EDC63}.Debug|Any CPU.ActiveCfg = Debug|Any CPU
		{3A97A490-AD91-4E0F-BA51-32D9D70EDC63}.Debug|Any CPU.Build.0 = Debug|Any CPU
		{3A97A490-AD91-4E0F-BA51-32D9D70EDC63}.Release|Any CPU.ActiveCfg = Release|Any CPU
		{3A97A490-AD91-4E0F-BA51-32D9D70EDC63}.Release|Any CPU.Build.0 = Release|Any CPU
		{E8140F6F-83B7-4AE7-ACC1-79C93EDBD49A}.Debug|Any CPU.ActiveCfg = Debug|Any CPU
		{E8140F6F-83B7-4AE7-ACC1-79C93EDBD49A}.Debug|Any CPU.Build.0 = Debug|Any CPU
		{E8140F6F-83B7-4AE7-ACC1-79C93EDBD49A}.Release|Any CPU.ActiveCfg = Release|Any CPU
		{E8140F6F-83B7-4AE7-ACC1-79C93EDBD49A}.Release|Any CPU.Build.0 = Release|Any CPU
		{5B80504E-4912-43D0-BF04-C2E36BE5A340}.Debug|Any CPU.ActiveCfg = Debug|Any CPU
		{5B80504E-4912-43D0-BF04-C2E36BE5A340}.Debug|Any CPU.Build.0 = Debug|Any CPU
		{5B80504E-4912-43D0-BF04-C2E36BE5A340}.Release|Any CPU.ActiveCfg = Release|Any CPU
		{5B80504E-4912-43D0-BF04-C2E36BE5A340}.Release|Any CPU.Build.0 = Release|Any CPU
		{1EBCC387-8C41-4336-B55E-DE361E02E53B}.Debug|Any CPU.ActiveCfg = Debug|Any CPU
		{1EBCC387-8C41-4336-B55E-DE361E02E53B}.Debug|Any CPU.Build.0 = Debug|Any CPU
		{1EBCC387-8C41-4336-B55E-DE361E02E53B}.Release|Any CPU.ActiveCfg = Release|Any CPU
		{1EBCC387-8C41-4336-B55E-DE361E02E53B}.Release|Any CPU.Build.0 = Release|Any CPU
		{26763E56-0C67-4018-8C1F-E01F852C9E21}.Debug|Any CPU.ActiveCfg = Debug|Any CPU
		{26763E56-0C67-4018-8C1F-E01F852C9E21}.Debug|Any CPU.Build.0 = Debug|Any CPU
		{26763E56-0C67-4018-8C1F-E01F852C9E21}.Release|Any CPU.ActiveCfg = Release|Any CPU
		{26763E56-0C67-4018-8C1F-E01F852C9E21}.Release|Any CPU.Build.0 = Release|Any CPU
	EndGlobalSection
	GlobalSection(SolutionProperties) = preSolution
		HideSolutionNode = FALSE
	EndGlobalSection
	GlobalSection(ExtensibilityGlobals) = postSolution
		SolutionGuid = {D963C0E5-142B-41E5-8D23-BA6D58BB7C6A}
	EndGlobalSection
EndGlobal
